
Microsoft Visual Studio Solution File, Format Version 12.00
Project("{FAE04EC0-301F-11D3-BF4B-00C04F79EFBC}") = "synteza_mowy", "synteza_mowy\synteza_mowy.csproj", "{16393494-3F8D-4064-9F4C-D773C3AF694D}"
EndProject
Global
	GlobalSection(SolutionConfigurationPlatforms) = preSolution
		Debug|Any CPU = Debug|Any CPU
		Release|Any CPU = Release|Any CPU
	EndGlobalSection
	GlobalSection(ProjectConfigurationPlatforms) = postSolution
		{16393494-3F8D-4064-9F4C-D773C3AF694D}.Debug|Any CPU.ActiveCfg = Debug|Any CPU
		{16393494-3F8D-4064-9F4C-D773C3AF694D}.Debug|Any CPU.Build.0 = Debug|Any CPU
		{16393494-3F8D-4064-9F4C-D773C3AF694D}.Release|Any CPU.ActiveCfg = Release|Any CPU
		{16393494-3F8D-4064-9F4C-D773C3AF694D}.Release|Any CPU.Build.0 = Release|Any CPU
	EndGlobalSection
EndGlobal
